// !$*UTF8*$!
{
	archiveVersion = 1;
	classes = {
	};
	objectVersion = 50;
	objects = {

/* Begin PBXBuildFile section */
		EADD909F243D292300598366 /* CommonFuncs.swift in Sources */ = {isa = PBXBuildFile; fileRef = EADD909E243D292300598366 /* CommonFuncs.swift */; };
		EAF2EB56243D160E00B0EFAC /* CustomSlider.swift in Sources */ = {isa = PBXBuildFile; fileRef = EAF2EB55243D160E00B0EFAC /* CustomSlider.swift */; };
		EAFA62E8243CAB3800CAA61F /* AppDelegate.swift in Sources */ = {isa = PBXBuildFile; fileRef = EAFA62E7243CAB3800CAA61F /* AppDelegate.swift */; };
		EAFA62EA243CAB3800CAA61F /* SceneDelegate.swift in Sources */ = {isa = PBXBuildFile; fileRef = EAFA62E9243CAB3800CAA61F /* SceneDelegate.swift */; };
		EAFA62EC243CAB3800CAA61F /* ViewController.swift in Sources */ = {isa = PBXBuildFile; fileRef = EAFA62EB243CAB3800CAA61F /* ViewController.swift */; };
		EAFA62EF243CAB3800CAA61F /* Main.storyboard in Resources */ = {isa = PBXBuildFile; fileRef = EAFA62ED243CAB3800CAA61F /* Main.storyboard */; };
		EAFA62F1243CAB3A00CAA61F /* Assets.xcassets in Resources */ = {isa = PBXBuildFile; fileRef = EAFA62F0243CAB3A00CAA61F /* Assets.xcassets */; };
		EAFA62F4243CAB3A00CAA61F /* LaunchScreen.storyboard in Resources */ = {isa = PBXBuildFile; fileRef = EAFA62F2243CAB3A00CAA61F /* LaunchScreen.storyboard */; };
		EAFA62FD243CC40500CAA61F /* Colors.swift in Sources */ = {isa = PBXBuildFile; fileRef = EAFA62FB243CC40500CAA61F /* Colors.swift */; };
		EAFA6300243CC41C00CAA61F /* persistenceLayer.swift in Sources */ = {isa = PBXBuildFile; fileRef = EAFA62FF243CC41C00CAA61F /* persistenceLayer.swift */; };
		EAFA6302243CC4FB00CAA61F /* Extensions.swift in Sources */ = {isa = PBXBuildFile; fileRef = EAFA6301243CC4FB00CAA61F /* Extensions.swift */; };
		EAFA6304243CCC7300CAA61F /* RatingVC.swift in Sources */ = {isa = PBXBuildFile; fileRef = EAFA6303243CCC7300CAA61F /* RatingVC.swift */; };
		EAFA6306243CD2EB00CAA61F /* Constants.swift in Sources */ = {isa = PBXBuildFile; fileRef = EAFA6305243CD2EB00CAA61F /* Constants.swift */; };
		EAFA630A243CF81300CAA61F /* HistoryVC.swift in Sources */ = {isa = PBXBuildFile; fileRef = EAFA6309243CF81300CAA61F /* HistoryVC.swift */; };
		EAFA630C243CF89B00CAA61F /* HistoryCell.swift in Sources */ = {isa = PBXBuildFile; fileRef = EAFA630B243CF89B00CAA61F /* HistoryCell.swift */; };
		EAFA630F243D003000CAA61F /* RatingHistory.xcdatamodeld in Sources */ = {isa = PBXBuildFile; fileRef = EAFA630D243D003000CAA61F /* RatingHistory.xcdatamodeld */; };
		EAFA6312243D071700CAA61F /* RatingHistory+CoreDataClass.swift in Sources */ = {isa = PBXBuildFile; fileRef = EAFA6310243D071700CAA61F /* RatingHistory+CoreDataClass.swift */; };
		EAFA6313243D071700CAA61F /* RatingHistory+CoreDataProperties.swift in Sources */ = {isa = PBXBuildFile; fileRef = EAFA6311243D071700CAA61F /* RatingHistory+CoreDataProperties.swift */; };
		EAFA6316243D0BF700CAA61F /* Animator.swift in Sources */ = {isa = PBXBuildFile; fileRef = EAFA6314243D0BF600CAA61F /* Animator.swift */; };
		EAFA6317243D0BF700CAA61F /* Animations.swift in Sources */ = {isa = PBXBuildFile; fileRef = EAFA6315243D0BF600CAA61F /* Animations.swift */; };
/* End PBXBuildFile section */

/* Begin PBXFileReference section */
		EADD909E243D292300598366 /* CommonFuncs.swift */ = {isa = PBXFileReference; lastKnownFileType = sourcecode.swift; path = CommonFuncs.swift; sourceTree = "<group>"; };
		EAF2EB55243D160E00B0EFAC /* CustomSlider.swift */ = {isa = PBXFileReference; lastKnownFileType = sourcecode.swift; path = CustomSlider.swift; sourceTree = "<group>"; };
		EAFA62E4243CAB3800CAA61F /* Stamurai-GulamALI.app */ = {isa = PBXFileReference; explicitFileType = wrapper.application; includeInIndex = 0; path = "Stamurai-GulamALI.app"; sourceTree = BUILT_PRODUCTS_DIR; };
		EAFA62E7243CAB3800CAA61F /* AppDelegate.swift */ = {isa = PBXFileReference; lastKnownFileType = sourcecode.swift; path = AppDelegate.swift; sourceTree = "<group>"; };
		EAFA62E9243CAB3800CAA61F /* SceneDelegate.swift */ = {isa = PBXFileReference; lastKnownFileType = sourcecode.swift; path = SceneDelegate.swift; sourceTree = "<group>"; };
		EAFA62EB243CAB3800CAA61F /* ViewController.swift */ = {isa = PBXFileReference; lastKnownFileType = sourcecode.swift; path = ViewController.swift; sourceTree = "<group>"; };
		EAFA62EE243CAB3800CAA61F /* Base */ = {isa = PBXFileReference; lastKnownFileType = file.storyboard; name = Base; path = Base.lproj/Main.storyboard; sourceTree = "<group>"; };
		EAFA62F0243CAB3A00CAA61F /* Assets.xcassets */ = {isa = PBXFileReference; lastKnownFileType = folder.assetcatalog; path = Assets.xcassets; sourceTree = "<group>"; };
		EAFA62F3243CAB3A00CAA61F /* Base */ = {isa = PBXFileReference; lastKnownFileType = file.storyboard; name = Base; path = Base.lproj/LaunchScreen.storyboard; sourceTree = "<group>"; };
		EAFA62F5243CAB3A00CAA61F /* Info.plist */ = {isa = PBXFileReference; lastKnownFileType = text.plist.xml; path = Info.plist; sourceTree = "<group>"; };
		EAFA62FB243CC40500CAA61F /* Colors.swift */ = {isa = PBXFileReference; fileEncoding = 4; lastKnownFileType = sourcecode.swift; path = Colors.swift; sourceTree = "<group>"; };
		EAFA62FF243CC41C00CAA61F /* persistenceLayer.swift */ = {isa = PBXFileReference; fileEncoding = 4; lastKnownFileType = sourcecode.swift; path = persistenceLayer.swift; sourceTree = "<group>"; };
		EAFA6301243CC4FB00CAA61F /* Extensions.swift */ = {isa = PBXFileReference; fileEncoding = 4; lastKnownFileType = sourcecode.swift; path = Extensions.swift; sourceTree = "<group>"; };
		EAFA6303243CCC7300CAA61F /* RatingVC.swift */ = {isa = PBXFileReference; lastKnownFileType = sourcecode.swift; path = RatingVC.swift; sourceTree = "<group>"; };
		EAFA6305243CD2EB00CAA61F /* Constants.swift */ = {isa = PBXFileReference; lastKnownFileType = sourcecode.swift; path = Constants.swift; sourceTree = "<group>"; };
		EAFA6309243CF81300CAA61F /* HistoryVC.swift */ = {isa = PBXFileReference; lastKnownFileType = sourcecode.swift; path = HistoryVC.swift; sourceTree = "<group>"; };
		EAFA630B243CF89B00CAA61F /* HistoryCell.swift */ = {isa = PBXFileReference; lastKnownFileType = sourcecode.swift; path = HistoryCell.swift; sourceTree = "<group>"; };
		EAFA630E243D003000CAA61F /* RatingHistory.xcdatamodel */ = {isa = PBXFileReference; lastKnownFileType = wrapper.xcdatamodel; path = RatingHistory.xcdatamodel; sourceTree = "<group>"; };
		EAFA6310243D071700CAA61F /* RatingHistory+CoreDataClass.swift */ = {isa = PBXFileReference; lastKnownFileType = sourcecode.swift; path = "RatingHistory+CoreDataClass.swift"; sourceTree = SOURCE_ROOT; };
		EAFA6311243D071700CAA61F /* RatingHistory+CoreDataProperties.swift */ = {isa = PBXFileReference; lastKnownFileType = sourcecode.swift; path = "RatingHistory+CoreDataProperties.swift"; sourceTree = SOURCE_ROOT; };
		EAFA6314243D0BF600CAA61F /* Animator.swift */ = {isa = PBXFileReference; fileEncoding = 4; lastKnownFileType = sourcecode.swift; path = Animator.swift; sourceTree = "<group>"; };
		EAFA6315243D0BF600CAA61F /* Animations.swift */ = {isa = PBXFileReference; fileEncoding = 4; lastKnownFileType = sourcecode.swift; path = Animations.swift; sourceTree = "<group>"; };
/* End PBXFileReference section */

/* Begin PBXFrameworksBuildPhase section */
		EAFA62E1243CAB3800CAA61F /* Frameworks */ = {
			isa = PBXFrameworksBuildPhase;
			buildActionMask = 2147483647;
			files = (
			);
			runOnlyForDeploymentPostprocessing = 0;
		};
/* End PBXFrameworksBuildPhase section */

/* Begin PBXGroup section */
		EAF2EB4B243D138300B0EFAC /* Helpers */ = {
			isa = PBXGroup;
			children = (
				EAFA62FB243CC40500CAA61F /* Colors.swift */,
				EAFA6301243CC4FB00CAA61F /* Extensions.swift */,
				EAFA6315243D0BF600CAA61F /* Animations.swift */,
				EAFA6305243CD2EB00CAA61F /* Constants.swift */,
				EAFA6314243D0BF600CAA61F /* Animator.swift */,
				EAFA62FF243CC41C00CAA61F /* persistenceLayer.swift */,
				EAF2EB55243D160E00B0EFAC /* CustomSlider.swift */,
				EADD909E243D292300598366 /* CommonFuncs.swift */,
			);
			path = Helpers;
			sourceTree = "<group>";
		};
		EAF2EB4D243D13C000B0EFAC /* Controllers */ = {
			isa = PBXGroup;
			children = (
				EAF2EB4E243D13CD00B0EFAC /* Home */,
				EAF2EB4F243D13DD00B0EFAC /* Rating */,
				EAF2EB50243D140100B0EFAC /* History */,
			);
			path = Controllers;
			sourceTree = "<group>";
		};
		EAF2EB4E243D13CD00B0EFAC /* Home */ = {
			isa = PBXGroup;
			children = (
				EAFA62EB243CAB3800CAA61F /* ViewController.swift */,
			);
			path = Home;
			sourceTree = "<group>";
		};
		EAF2EB4F243D13DD00B0EFAC /* Rating */ = {
			isa = PBXGroup;
			children = (
				EAFA6303243CCC7300CAA61F /* RatingVC.swift */,
			);
			path = Rating;
			sourceTree = "<group>";
		};
		EAF2EB50243D140100B0EFAC /* History */ = {
			isa = PBXGroup;
			children = (
				EAFA6309243CF81300CAA61F /* HistoryVC.swift */,
				EAFA630B243CF89B00CAA61F /* HistoryCell.swift */,
			);
			path = History;
			sourceTree = "<group>";
		};
		EAF2EB53243D145500B0EFAC /* Delegates */ = {
			isa = PBXGroup;
			children = (
				EAFA62E7243CAB3800CAA61F /* AppDelegate.swift */,
				EAFA62E9243CAB3800CAA61F /* SceneDelegate.swift */,
			);
			path = Delegates;
			sourceTree = "<group>";
		};
		EAFA62DB243CAB3800CAA61F = {
			isa = PBXGroup;
			children = (
				EAFA62E6243CAB3800CAA61F /* Stamurai-GulamALI */,
				EAFA62E5243CAB3800CAA61F /* Products */,
			);
			sourceTree = "<group>";
		};
		EAFA62E5243CAB3800CAA61F /* Products */ = {
			isa = PBXGroup;
			children = (
				EAFA62E4243CAB3800CAA61F /* Stamurai-GulamALI.app */,
			);
			name = Products;
			sourceTree = "<group>";
		};
		EAFA62E6243CAB3800CAA61F /* Stamurai-GulamALI */ = {
			isa = PBXGroup;
			children = (
				EAFA6310243D071700CAA61F /* RatingHistory+CoreDataClass.swift */,
				EAFA6311243D071700CAA61F /* RatingHistory+CoreDataProperties.swift */,
				EAFA62ED243CAB3800CAA61F /* Main.storyboard */,
				EAFA62F2243CAB3A00CAA61F /* LaunchScreen.storyboard */,
				EAF2EB53243D145500B0EFAC /* Delegates */,
				EAF2EB4D243D13C000B0EFAC /* Controllers */,
				EAF2EB4B243D138300B0EFAC /* Helpers */,
				EAFA62F0243CAB3A00CAA61F /* Assets.xcassets */,
				EAFA62F5243CAB3A00CAA61F /* Info.plist */,
				EAFA630D243D003000CAA61F /* RatingHistory.xcdatamodeld */,
			);
			path = "Stamurai-GulamALI";
			sourceTree = "<group>";
		};
/* End PBXGroup section */

/* Begin PBXNativeTarget section */
		EAFA62E3243CAB3800CAA61F /* Stamurai-GulamALI */ = {
			isa = PBXNativeTarget;
			buildConfigurationList = EAFA62F8243CAB3A00CAA61F /* Build configuration list for PBXNativeTarget "Stamurai-GulamALI" */;
			buildPhases = (
				EAFA62E0243CAB3800CAA61F /* Sources */,
				EAFA62E1243CAB3800CAA61F /* Frameworks */,
				EAFA62E2243CAB3800CAA61F /* Resources */,
			);
			buildRules = (
			);
			dependencies = (
			);
			name = "Stamurai-GulamALI";
			productName = "Stamurai-GulamALI";
			productReference = EAFA62E4243CAB3800CAA61F /* Stamurai-GulamALI.app */;
			productType = "com.apple.product-type.application";
		};
/* End PBXNativeTarget section */

/* Begin PBXProject section */
		EAFA62DC243CAB3800CAA61F /* Project object */ = {
			isa = PBXProject;
			attributes = {
				LastSwiftUpdateCheck = 1140;
				LastUpgradeCheck = 1140;
				ORGANIZATIONNAME = "gulam ali";
				TargetAttributes = {
					EAFA62E3243CAB3800CAA61F = {
						CreatedOnToolsVersion = 11.4;
					};
				};
			};
			buildConfigurationList = EAFA62DF243CAB3800CAA61F /* Build configuration list for PBXProject "Stamurai-GulamALI" */;
			compatibilityVersion = "Xcode 9.3";
			developmentRegion = en;
			hasScannedForEncodings = 0;
			knownRegions = (
				en,
				Base,
			);
			mainGroup = EAFA62DB243CAB3800CAA61F;
			productRefGroup = EAFA62E5243CAB3800CAA61F /* Products */;
			projectDirPath = "";
			projectRoot = "";
			targets = (
				EAFA62E3243CAB3800CAA61F /* Stamurai-GulamALI */,
			);
		};
/* End PBXProject section */

/* Begin PBXResourcesBuildPhase section */
		EAFA62E2243CAB3800CAA61F /* Resources */ = {
			isa = PBXResourcesBuildPhase;
			buildActionMask = 2147483647;
			files = (
				EAFA62F4243CAB3A00CAA61F /* LaunchScreen.storyboard in Resources */,
				EAFA62F1243CAB3A00CAA61F /* Assets.xcassets in Resources */,
				EAFA62EF243CAB3800CAA61F /* Main.storyboard in Resources */,
			);
			runOnlyForDeploymentPostprocessing = 0;
		};
/* End PBXResourcesBuildPhase section */

/* Begin PBXSourcesBuildPhase section */
		EAFA62E0243CAB3800CAA61F /* Sources */ = {
			isa = PBXSourcesBuildPhase;
			buildActionMask = 2147483647;
			files = (
				EAFA6316243D0BF700CAA61F /* Animator.swift in Sources */,
				EAFA62EC243CAB3800CAA61F /* ViewController.swift in Sources */,
				EAFA630A243CF81300CAA61F /* HistoryVC.swift in Sources */,
				EAFA6302243CC4FB00CAA61F /* Extensions.swift in Sources */,
				EAFA62FD243CC40500CAA61F /* Colors.swift in Sources */,
				EAFA62E8243CAB3800CAA61F /* AppDelegate.swift in Sources */,
				EAFA630F243D003000CAA61F /* RatingHistory.xcdatamodeld in Sources */,
				EADD909F243D292300598366 /* CommonFuncs.swift in Sources */,
				EAFA6312243D071700CAA61F /* RatingHistory+CoreDataClass.swift in Sources */,
				EAFA6304243CCC7300CAA61F /* RatingVC.swift in Sources */,
				EAFA6300243CC41C00CAA61F /* persistenceLayer.swift in Sources */,
				EAF2EB56243D160E00B0EFAC /* CustomSlider.swift in Sources */,
				EAFA6313243D071700CAA61F /* RatingHistory+CoreDataProperties.swift in Sources */,
				EAFA62EA243CAB3800CAA61F /* SceneDelegate.swift in Sources */,
				EAFA6306243CD2EB00CAA61F /* Constants.swift in Sources */,
				EAFA6317243D0BF700CAA61F /* Animations.swift in Sources */,
				EAFA630C243CF89B00CAA61F /* HistoryCell.swift in Sources */,
			);
			runOnlyForDeploymentPostprocessing = 0;
		};
/* End PBXSourcesBuildPhase section */

/* Begin PBXVariantGroup section */
		EAFA62ED243CAB3800CAA61F /* Main.storyboard */ = {
			isa = PBXVariantGroup;
			children = (
				EAFA62EE243CAB3800CAA61F /* Base */,
			);
			name = Main.storyboard;
			sourceTree = "<group>";
		};
		EAFA62F2243CAB3A00CAA61F /* LaunchScreen.storyboard */ = {
			isa = PBXVariantGroup;
			children = (
				EAFA62F3243CAB3A00CAA61F /* Base */,
			);
			name = LaunchScreen.storyboard;
			sourceTree = "<group>";
		};
/* End PBXVariantGroup section */

/* Begin XCBuildConfiguration section */
		EAFA62F6243CAB3A00CAA61F /* Debug */ = {
			isa = XCBuildConfiguration;
			buildSettings = {
				ALWAYS_SEARCH_USER_PATHS = NO;
				CLANG_ANALYZER_NONNULL = YES;
				CLANG_ANALYZER_NUMBER_OBJECT_CONVERSION = YES_AGGRESSIVE;
				CLANG_CXX_LANGUAGE_STANDARD = "gnu++14";
				CLANG_CXX_LIBRARY = "libc++";
				CLANG_ENABLE_MODULES = YES;
				CLANG_ENABLE_OBJC_ARC = YES;
				CLANG_ENABLE_OBJC_WEAK = YES;
				CLANG_WARN_BLOCK_CAPTURE_AUTORELEASING = YES;
				CLANG_WARN_BOOL_CONVERSION = YES;
				CLANG_WARN_COMMA = YES;
				CLANG_WARN_CONSTANT_CONVERSION = YES;
				CLANG_WARN_DEPRECATED_OBJC_IMPLEMENTATIONS = YES;
				CLANG_WARN_DIRECT_OBJC_ISA_USAGE = YES_ERROR;
				CLANG_WARN_DOCUMENTATION_COMMENTS = YES;
				CLANG_WARN_EMPTY_BODY = YES;
				CLANG_WARN_ENUM_CONVERSION = YES;
				CLANG_WARN_INFINITE_RECURSION = YES;
				CLANG_WARN_INT_CONVERSION = YES;
				CLANG_WARN_NON_LITERAL_NULL_CONVERSION = YES;
				CLANG_WARN_OBJC_IMPLICIT_RETAIN_SELF = YES;
				CLANG_WARN_OBJC_LITERAL_CONVERSION = YES;
				CLANG_WARN_OBJC_ROOT_CLASS = YES_ERROR;
				CLANG_WARN_RANGE_LOOP_ANALYSIS = YES;
				CLANG_WARN_STRICT_PROTOTYPES = YES;
				CLANG_WARN_SUSPICIOUS_MOVE = YES;
				CLANG_WARN_UNGUARDED_AVAILABILITY = YES_AGGRESSIVE;
				CLANG_WARN_UNREACHABLE_CODE = YES;
				CLANG_WARN__DUPLICATE_METHOD_MATCH = YES;
				COPY_PHASE_STRIP = NO;
				DEBUG_INFORMATION_FORMAT = dwarf;
				ENABLE_STRICT_OBJC_MSGSEND = YES;
				ENABLE_TESTABILITY = YES;
				GCC_C_LANGUAGE_STANDARD = gnu11;
				GCC_DYNAMIC_NO_PIC = NO;
				GCC_NO_COMMON_BLOCKS = YES;
				GCC_OPTIMIZATION_LEVEL = 0;
				GCC_PREPROCESSOR_DEFINITIONS = (
					"DEBUG=1",
					"$(inherited)",
				);
				GCC_WARN_64_TO_32_BIT_CONVERSION = YES;
				GCC_WARN_ABOUT_RETURN_TYPE = YES_ERROR;
				GCC_WARN_UNDECLARED_SELECTOR = YES;
				GCC_WARN_UNINITIALIZED_AUTOS = YES_AGGRESSIVE;
				GCC_WARN_UNUSED_FUNCTION = YES;
				GCC_WARN_UNUSED_VARIABLE = YES;
				IPHONEOS_DEPLOYMENT_TARGET = 13.4;
				MTL_ENABLE_DEBUG_INFO = INCLUDE_SOURCE;
				MTL_FAST_MATH = YES;
				ONLY_ACTIVE_ARCH = YES;
				SDKROOT = iphoneos;
				SWIFT_ACTIVE_COMPILATION_CONDITIONS = DEBUG;
				SWIFT_OPTIMIZATION_LEVEL = "-Onone";
			};
			name = Debug;
		};
		EAFA62F7243CAB3A00CAA61F /* Release */ = {
			isa = XCBuildConfiguration;
			buildSettings = {
				ALWAYS_SEARCH_USER_PATHS = NO;
				CLANG_ANALYZER_NONNULL = YES;
				CLANG_ANALYZER_NUMBER_OBJECT_CONVERSION = YES_AGGRESSIVE;
				CLANG_CXX_LANGUAGE_STANDARD = "gnu++14";
				CLANG_CXX_LIBRARY = "libc++";
				CLANG_ENABLE_MODULES = YES;
				CLANG_ENABLE_OBJC_ARC = YES;
				CLANG_ENABLE_OBJC_WEAK = YES;
				CLANG_WARN_BLOCK_CAPTURE_AUTORELEASING = YES;
				CLANG_WARN_BOOL_CONVERSION = YES;
				CLANG_WARN_COMMA = YES;
				CLANG_WARN_CONSTANT_CONVERSION = YES;
				CLANG_WARN_DEPRECATED_OBJC_IMPLEMENTATIONS = YES;
				CLANG_WARN_DIRECT_OBJC_ISA_USAGE = YES_ERROR;
				CLANG_WARN_DOCUMENTATION_COMMENTS = YES;
				CLANG_WARN_EMPTY_BODY = YES;
				CLANG_WARN_ENUM_CONVERSION = YES;
				CLANG_WARN_INFINITE_RECURSION = YES;
				CLANG_WARN_INT_CONVERSION = YES;
				CLANG_WARN_NON_LITERAL_NULL_CONVERSION = YES;
				CLANG_WARN_OBJC_IMPLICIT_RETAIN_SELF = YES;
				CLANG_WARN_OBJC_LITERAL_CONVERSION = YES;
				CLANG_WARN_OBJC_ROOT_CLASS = YES_ERROR;
				CLANG_WARN_RANGE_LOOP_ANALYSIS = YES;
				CLANG_WARN_STRICT_PROTOTYPES = YES;
				CLANG_WARN_SUSPICIOUS_MOVE = YES;
				CLANG_WARN_UNGUARDED_AVAILABILITY = YES_AGGRESSIVE;
				CLANG_WARN_UNREACHABLE_CODE = YES;
				CLANG_WARN__DUPLICATE_METHOD_MATCH = YES;
				COPY_PHASE_STRIP = NO;
				DEBUG_INFORMATION_FORMAT = "dwarf-with-dsym";
				ENABLE_NS_ASSERTIONS = NO;
				ENABLE_STRICT_OBJC_MSGSEND = YES;
				GCC_C_LANGUAGE_STANDARD = gnu11;
				GCC_NO_COMMON_BLOCKS = YES;
				GCC_WARN_64_TO_32_BIT_CONVERSION = YES;
				GCC_WARN_ABOUT_RETURN_TYPE = YES_ERROR;
				GCC_WARN_UNDECLARED_SELECTOR = YES;
				GCC_WARN_UNINITIALIZED_AUTOS = YES_AGGRESSIVE;
				GCC_WARN_UNUSED_FUNCTION = YES;
				GCC_WARN_UNUSED_VARIABLE = YES;
				IPHONEOS_DEPLOYMENT_TARGET = 13.4;
				MTL_ENABLE_DEBUG_INFO = NO;
				MTL_FAST_MATH = YES;
				SDKROOT = iphoneos;
				SWIFT_COMPILATION_MODE = wholemodule;
				SWIFT_OPTIMIZATION_LEVEL = "-O";
				VALIDATE_PRODUCT = YES;
			};
			name = Release;
		};
		EAFA62F9243CAB3A00CAA61F /* Debug */ = {
			isa = XCBuildConfiguration;
			buildSettings = {
				ASSETCATALOG_COMPILER_APPICON_NAME = AppIcon;
				CODE_SIGN_STYLE = Automatic;
				DEVELOPMENT_TEAM = QXGK7D32N5;
				INFOPLIST_FILE = "Stamurai-GulamALI/Info.plist";
				IPHONEOS_DEPLOYMENT_TARGET = 12.0;
				LD_RUNPATH_SEARCH_PATHS = (
					"$(inherited)",
					"@executable_path/Frameworks",
				);
				PRODUCT_BUNDLE_IDENTIFIER = com.stamuraigulaAli.com;
				PRODUCT_NAME = "$(TARGET_NAME)";
				SWIFT_VERSION = 5.0;
				TARGETED_DEVICE_FAMILY = "1,2";
			};
			name = Debug;
		};
		EAFA62FA243CAB3A00CAA61F /* Release */ = {
			isa = XCBuildConfiguration;
			buildSettings = {
				ASSETCATALOG_COMPILER_APPICON_NAME = AppIcon;
				CODE_SIGN_STYLE = Automatic;
				DEVELOPMENT_TEAM = QXGK7D32N5;
				INFOPLIST_FILE = "Stamurai-GulamALI/Info.plist";
				IPHONEOS_DEPLOYMENT_TARGET = 12.0;
				LD_RUNPATH_SEARCH_PATHS = (
					"$(inherited)",
					"@executable_path/Frameworks",
				);
				PRODUCT_BUNDLE_IDENTIFIER = com.stamuraigulaAli.com;
				PRODUCT_NAME = "$(TARGET_NAME)";
				SWIFT_VERSION = 5.0;
				TARGETED_DEVICE_FAMILY = "1,2";
			};
			name = Release;
		};
/* End XCBuildConfiguration section */

/* Begin XCConfigurationList section */
		EAFA62DF243CAB3800CAA61F /* Build configuration list for PBXProject "Stamurai-GulamALI" */ = {
			isa = XCConfigurationList;
			buildConfigurations = (
				EAFA62F6243CAB3A00CAA61F /* Debug */,
				EAFA62F7243CAB3A00CAA61F /* Release */,
			);
			defaultConfigurationIsVisible = 0;
			defaultConfigurationName = Release;
		};
		EAFA62F8243CAB3A00CAA61F /* Build configuration list for PBXNativeTarget "Stamurai-GulamALI" */ = {
			isa = XCConfigurationList;
			buildConfigurations = (
				EAFA62F9243CAB3A00CAA61F /* Debug */,
				EAFA62FA243CAB3A00CAA61F /* Release */,
			);
			defaultConfigurationIsVisible = 0;
			defaultConfigurationName = Release;
		};
/* End XCConfigurationList section */

/* Begin XCVersionGroup section */
		EAFA630D243D003000CAA61F /* RatingHistory.xcdatamodeld */ = {
			isa = XCVersionGroup;
			children = (
				EAFA630E243D003000CAA61F /* RatingHistory.xcdatamodel */,
			);
			currentVersion = EAFA630E243D003000CAA61F /* RatingHistory.xcdatamodel */;
			path = RatingHistory.xcdatamodeld;
			sourceTree = "<group>";
			versionGroupType = wrapper.xcdatamodel;
		};
/* End XCVersionGroup section */
	};
	rootObject = EAFA62DC243CAB3800CAA61F /* Project object */;
}
